
Microsoft Visual Studio Solution File, Format Version 12.00
# Visual Studio Version 17
VisualStudioVersion = 17.3.32929.385
MinimumVisualStudioVersion = 10.0.40219.1
Project("{FAE04EC0-301F-11D3-BF4B-00C04F79EFBC}") = "Q1", "Q1\Q1.csproj", "{E83F94FE-2DD0-460C-AF4A-BF42B77E3893}"
EndProject
Project("{FAE04EC0-301F-11D3-BF4B-00C04F79EFBC}") = "Q2", "Q2\Q2.csproj", "{C9AA97B2-DA74-4F90-AACB-8D735A7DA4C0}"
EndProject
Project("{FAE04EC0-301F-11D3-BF4B-00C04F79EFBC}") = "Q3", "Q3\Q3.csproj", "{88F21F61-662E-4C18-830E-9DE7636A86D8}"
EndProject
Project("{FAE04EC0-301F-11D3-BF4B-00C04F79EFBC}") = "Q4", "Q4\Q4.csproj", "{A5BFF5B9-7740-4AA3-8BDD-E0362FC87646}"
EndProject
Global
	GlobalSection(SolutionConfigurationPlatforms) = preSolution
		Debug|Any CPU = Debug|Any CPU
		Release|Any CPU = Release|Any CPU
	EndGlobalSection
	GlobalSection(ProjectConfigurationPlatforms) = postSolution
		{E83F94FE-2DD0-460C-AF4A-BF42B77E3893}.Debug|Any CPU.ActiveCfg = Debug|Any CPU
		{E83F94FE-2DD0-460C-AF4A-BF42B77E3893}.Debug|Any CPU.Build.0 = Debug|Any CPU
		{E83F94FE-2DD0-460C-AF4A-BF42B77E3893}.Release|Any CPU.ActiveCfg = Release|Any CPU
		{E83F94FE-2DD0-460C-AF4A-BF42B77E3893}.Release|Any CPU.Build.0 = Release|Any CPU
		{C9AA97B2-DA74-4F90-AACB-8D735A7DA4C0}.Debug|Any CPU.ActiveCfg = Debug|Any CPU
		{C9AA97B2-DA74-4F90-AACB-8D735A7DA4C0}.Debug|Any CPU.Build.0 = Debug|Any CPU
		{C9AA97B2-DA74-4F90-AACB-8D735A7DA4C0}.Release|Any CPU.ActiveCfg = Release|Any CPU
		{C9AA97B2-DA74-4F90-AACB-8D735A7DA4C0}.Release|Any CPU.Build.0 = Release|Any CPU
		{88F21F61-662E-4C18-830E-9DE7636A86D8}.Debug|Any CPU.ActiveCfg = Debug|Any CPU
		{88F21F61-662E-4C18-830E-9DE7636A86D8}.Debug|Any CPU.Build.0 = Debug|Any CPU
		{88F21F61-662E-4C18-830E-9DE7636A86D8}.Release|Any CPU.ActiveCfg = Release|Any CPU
		{88F21F61-662E-4C18-830E-9DE7636A86D8}.Release|Any CPU.Build.0 = Release|Any CPU
		{A5BFF5B9-7740-4AA3-8BDD-E0362FC87646}.Debug|Any CPU.ActiveCfg = Debug|Any CPU
		{A5BFF5B9-7740-4AA3-8BDD-E0362FC87646}.Debug|Any CPU.Build.0 = Debug|Any CPU
		{A5BFF5B9-7740-4AA3-8BDD-E0362FC87646}.Release|Any CPU.ActiveCfg = Release|Any CPU
		{A5BFF5B9-7740-4AA3-8BDD-E0362FC87646}.Release|Any CPU.Build.0 = Release|Any CPU
	EndGlobalSection
	GlobalSection(SolutionProperties) = preSolution
		HideSolutionNode = FALSE
	EndGlobalSection
	GlobalSection(ExtensibilityGlobals) = postSolution
		SolutionGuid = {0FB3CD57-BB97-4E3A-B51D-C750C57547C9}
	EndGlobalSection
EndGlobal
